{
  "name": "neu-wiki-links-adder",
  "version": "1.0.0",
  "lockfileVersion": 1,
  "requires": true,
  "dependencies": {
    "follow-redirects": {
      "version": "1.13.2",
      "resolved": "https://registry.npmjs.org/follow-redirects/-/follow-redirects-1.13.2.tgz",
      "integrity": "sha512-6mPTgLxYm3r6Bkkg0vNM0HTjfGrOEtsfbhagQvbxDEsEkpNhw582upBaoRZylzen6krEmxXJgt9Ju6HiI4O7BA=="
    },
    "node-cron": {
      "version": "2.0.3",
      "resolved": "https://registry.npmjs.org/node-cron/-/node-cron-2.0.3.tgz",
      "integrity": "sha512-eJI+QitXlwcgiZwNNSRbqsjeZMp5shyajMR81RZCqeW0ZDEj4zU9tpd4nTh/1JsBiKbF8d08FCewiipDmVIYjg==",
      "requires": {
        "opencollective-postinstall": "^2.0.0",
        "tz-offset": "0.0.1"
      }
    },
    "opencollective-postinstall": {
      "version": "2.0.3",
      "resolved": "https://registry.npmjs.org/opencollective-postinstall/-/opencollective-postinstall-2.0.3.tgz",
      "integrity": "sha512-8AV/sCtuzUeTo8gQK5qDZzARrulB3egtLzFgteqB2tcT4Mw7B8Kt7JcDHmltjz6FOAHsvTevk70gZEbhM4ZS9Q=="
    },
    "tz-offset": {
      "version": "0.0.1",
      "resolved": "https://registry.npmjs.org/tz-offset/-/tz-offset-0.0.1.tgz",
      "integrity": "sha512-kMBmblijHJXyOpKzgDhKx9INYU4u4E1RPMB0HqmKSgWG8vEcf3exEfLh4FFfzd3xdQOw9EuIy/cP0akY6rHopQ=="
    }
  }
}
